{
  "name": "cs-vite-app",
  "lockfileVersion": 3,
  "requires": true,
  "packages": {
    "": {
      "name": "cs-vite-app",
      "dependencies": {
        "react": "18.3.1",
        "react-dom": "18.3.1",
        "vite": "5.4.8"
      }
    },
    "node_modules/react": {
      "version": "18.3.1",
      "resolved": "https://registry.npmjs.org/react/-/react-18.3.1.tgz",
      "integrity": "sha512-00000000000000000000000000000000000000000000000000000000000000000000000000000000000000=="
    },
    "node_modules/react-dom": {
      "version": "18.3.1",
      "resolved": "https://registry.npmjs.org/react-dom/-/react-dom-18.3.1.tgz",
      "integrity": "sha512-00000000000000000000000000000000000000000000000000000000000000000000000000000000000000=="
    },
    "node_modules/vite": {
      "version": "5.4.8",
      "resolved": "https://registry.npmjs.org/vite/-/vite-5.4.8.tgz",
      "integrity": "sha512-00000000000000000000000000000000000000000000000000000000000000000000000000000000000000=="
    }
  }
}